
Microsoft Visual Studio Solution File, Format Version 12.00
# Visual Studio Version 16
VisualStudioVersion = 16.0.31019.35
MinimumVisualStudioVersion = 10.0.40219.1
Project("{9A19103F-16F7-4668-BE54-9A1E7A4F7556}") = "TCCESTOQUE", "TCCESTOQUE\TCCESTOQUE.csproj", "{0C41A417-E96A-45A3-B1CD-5058E99CD392}"
EndProject
Project("{9A19103F-16F7-4668-BE54-9A1E7A4F7556}") = "Estoque.Test", "Estoque.Test\Estoque.Test.csproj", "{8E67864A-46D7-46FC-A54F-EB0535385D2D}"
EndProject
Global
	GlobalSection(SolutionConfigurationPlatforms) = preSolution
		Debug|Any CPU = Debug|Any CPU
		Release|Any CPU = Release|Any CPU
	EndGlobalSection
	GlobalSection(ProjectConfigurationPlatforms) = postSolution
		{0C41A417-E96A-45A3-B1CD-5058E99CD392}.Debug|Any CPU.ActiveCfg = Debug|Any CPU
		{0C41A417-E96A-45A3-B1CD-5058E99CD392}.Debug|Any CPU.Build.0 = Debug|Any CPU
		{0C41A417-E96A-45A3-B1CD-5058E99CD392}.Release|Any CPU.ActiveCfg = Release|Any CPU
		{0C41A417-E96A-45A3-B1CD-5058E99CD392}.Release|Any CPU.Build.0 = Release|Any CPU
		{8E67864A-46D7-46FC-A54F-EB0535385D2D}.Debug|Any CPU.ActiveCfg = Debug|Any CPU
		{8E67864A-46D7-46FC-A54F-EB0535385D2D}.Debug|Any CPU.Build.0 = Debug|Any CPU
		{8E67864A-46D7-46FC-A54F-EB0535385D2D}.Release|Any CPU.ActiveCfg = Release|Any CPU
		{8E67864A-46D7-46FC-A54F-EB0535385D2D}.Release|Any CPU.Build.0 = Release|Any CPU
	EndGlobalSection
	GlobalSection(SolutionProperties) = preSolution
		HideSolutionNode = FALSE
	EndGlobalSection
	GlobalSection(ExtensibilityGlobals) = postSolution
		SolutionGuid = {2F799667-AEA1-461C-812B-7A3CA29921E1}
	EndGlobalSection
EndGlobal
